
Microsoft Visual Studio Solution File, Format Version 12.00
# Visual Studio Version 17
VisualStudioVersion = 17.9.34622.214
MinimumVisualStudioVersion = 10.0.40219.1
Project("{FAE04EC0-301F-11D3-BF4B-00C04F79EFBC}") = "PrimeiraAPI", "PrimeiraAPI\PrimeiraAPI.csproj", "{A61DC589-FED9-4A53-950A-31B5CA20EB17}"
EndProject
Project("{2150E333-8FDC-42A3-9474-1A3956D46DE8}") = "Solution Items", "Solution Items", "{2EE5BCF2-E870-4700-9442-DBFEF169B6F5}"
	ProjectSection(SolutionItems) = preProject
		.editorconfig = .editorconfig
	EndProjectSection
EndProject
Global
	GlobalSection(SolutionConfigurationPlatforms) = preSolution
		Debug|Any CPU = Debug|Any CPU
		Release|Any CPU = Release|Any CPU
	EndGlobalSection
	GlobalSection(ProjectConfigurationPlatforms) = postSolution
		{A61DC589-FED9-4A53-950A-31B5CA20EB17}.Debug|Any CPU.ActiveCfg = Debug|Any CPU
		{A61DC589-FED9-4A53-950A-31B5CA20EB17}.Debug|Any CPU.Build.0 = Debug|Any CPU
		{A61DC589-FED9-4A53-950A-31B5CA20EB17}.Release|Any CPU.ActiveCfg = Release|Any CPU
		{A61DC589-FED9-4A53-950A-31B5CA20EB17}.Release|Any CPU.Build.0 = Release|Any CPU
	EndGlobalSection
	GlobalSection(SolutionProperties) = preSolution
		HideSolutionNode = FALSE
	EndGlobalSection
	GlobalSection(ExtensibilityGlobals) = postSolution
		SolutionGuid = {6DE512FA-7F1F-49EF-AB39-C40BE250EB43}
	EndGlobalSection
EndGlobal
